{
	"name": "@olympusoss/sdk",
	"version": "1.0.18",
	"lockfileVersion": 3,
	"requires": true,
	"packages": {
		"": {
			"name": "@olympusoss/sdk",
			"version": "1.0.18",
			"license": "MIT",
			"dependencies": {
				"postgres": "^3.4.7"
			},
			"devDependencies": {
				"@types/node": "^25.0.9",
				"typescript": "^5.9.3"
			}
		},
		"node_modules/@types/node": {
			"version": "25.4.0",
			"dev": true,
			"license": "MIT",
			"dependencies": {
				"undici-types": "~7.18.0"
			}
		},
		"node_modules/postgres": {
			"version": "3.4.8",
			"license": "Unlicense",
			"engines": {
				"node": ">=12"
			},
			"funding": {
				"type": "individual",
				"url": "https://github.com/sponsors/porsager"
			}
		},
		"node_modules/typescript": {
			"version": "5.9.3",
			"dev": true,
			"license": "Apache-2.0",
			"bin": {
				"tsc": "bin/tsc",
				"tsserver": "bin/tsserver"
			},
			"engines": {
				"node": ">=14.17"
			}
		},
		"node_modules/undici-types": {
			"version": "7.18.2",
			"dev": true,
			"license": "MIT"
		}
	}
}
